
Microsoft Visual Studio Solution File, Format Version 12.00
# Visual Studio Version 17
VisualStudioVersion = 17.14.36915.13 d17.14
MinimumVisualStudioVersion = 10.0.40219.1
Project("{FAE04EC0-301F-11D3-BF4B-00C04F79EFBC}") = "KPZ-FINAL", "KPZ-FINAL\KPZ-FINAL.csproj", "{BA930DF5-34E1-448C-A775-2DD52BA7BC95}"
EndProject
Project("{FAE04EC0-301F-11D3-BF4B-00C04F79EFBC}") = "WpfLibrary", "WpfLibrary\WpfLibrary.csproj", "{A1EDF3C1-6171-407A-8655-8823A26BF31C}"
EndProject
Global
	GlobalSection(SolutionConfigurationPlatforms) = preSolution
		Debug|Any CPU = Debug|Any CPU
		Release|Any CPU = Release|Any CPU
	EndGlobalSection
	GlobalSection(ProjectConfigurationPlatforms) = postSolution
		{BA930DF5-34E1-448C-A775-2DD52BA7BC95}.Debug|Any CPU.ActiveCfg = Debug|Any CPU
		{BA930DF5-34E1-448C-A775-2DD52BA7BC95}.Debug|Any CPU.Build.0 = Debug|Any CPU
		{BA930DF5-34E1-448C-A775-2DD52BA7BC95}.Release|Any CPU.ActiveCfg = Release|Any CPU
		{BA930DF5-34E1-448C-A775-2DD52BA7BC95}.Release|Any CPU.Build.0 = Release|Any CPU
		{A1EDF3C1-6171-407A-8655-8823A26BF31C}.Debug|Any CPU.ActiveCfg = Debug|Any CPU
		{A1EDF3C1-6171-407A-8655-8823A26BF31C}.Debug|Any CPU.Build.0 = Debug|Any CPU
		{A1EDF3C1-6171-407A-8655-8823A26BF31C}.Release|Any CPU.ActiveCfg = Release|Any CPU
		{A1EDF3C1-6171-407A-8655-8823A26BF31C}.Release|Any CPU.Build.0 = Release|Any CPU
	EndGlobalSection
	GlobalSection(SolutionProperties) = preSolution
		HideSolutionNode = FALSE
	EndGlobalSection
	GlobalSection(ExtensibilityGlobals) = postSolution
		SolutionGuid = {995C597C-1DE8-49AA-B5CC-9C6CC9AFF096}
	EndGlobalSection
EndGlobal
